
Microsoft Visual Studio Solution File, Format Version 12.00
# Visual Studio Version 16
VisualStudioVersion = 16.0.31729.503
MinimumVisualStudioVersion = 10.0.40219.1
Project("{FAE04EC0-301F-11D3-BF4B-00C04F79EFBC}") = "LABA8", "LABA8\LABA8.csproj", "{DFE9C0DC-EC88-4DB7-B587-F0F839AE15AF}"
EndProject
Global
	GlobalSection(SolutionConfigurationPlatforms) = preSolution
		Debug|Any CPU = Debug|Any CPU
		Release|Any CPU = Release|Any CPU
	EndGlobalSection
	GlobalSection(ProjectConfigurationPlatforms) = postSolution
		{DFE9C0DC-EC88-4DB7-B587-F0F839AE15AF}.Debug|Any CPU.ActiveCfg = Debug|Any CPU
		{DFE9C0DC-EC88-4DB7-B587-F0F839AE15AF}.Debug|Any CPU.Build.0 = Debug|Any CPU
		{DFE9C0DC-EC88-4DB7-B587-F0F839AE15AF}.Release|Any CPU.ActiveCfg = Release|Any CPU
		{DFE9C0DC-EC88-4DB7-B587-F0F839AE15AF}.Release|Any CPU.Build.0 = Release|Any CPU
	EndGlobalSection
	GlobalSection(SolutionProperties) = preSolution
		HideSolutionNode = FALSE
	EndGlobalSection
	GlobalSection(ExtensibilityGlobals) = postSolution
		SolutionGuid = {331F5E23-13E9-41D3-B46E-A65AC746150E}
	EndGlobalSection
EndGlobal
