
Microsoft Visual Studio Solution File, Format Version 12.00
# Visual Studio Version 17
VisualStudioVersion = 17.0.31912.275
MinimumVisualStudioVersion = 10.0.40219.1
Project("{FAE04EC0-301F-11D3-BF4B-00C04F79EFBC}") = "LABA13", "LABA13\LABA13.csproj", "{FE085283-C8EF-44E2-8492-5DAA6109B006}"
EndProject
Global
	GlobalSection(SolutionConfigurationPlatforms) = preSolution
		Debug|Any CPU = Debug|Any CPU
		Release|Any CPU = Release|Any CPU
	EndGlobalSection
	GlobalSection(ProjectConfigurationPlatforms) = postSolution
		{FE085283-C8EF-44E2-8492-5DAA6109B006}.Debug|Any CPU.ActiveCfg = Debug|Any CPU
		{FE085283-C8EF-44E2-8492-5DAA6109B006}.Debug|Any CPU.Build.0 = Debug|Any CPU
		{FE085283-C8EF-44E2-8492-5DAA6109B006}.Release|Any CPU.ActiveCfg = Release|Any CPU
		{FE085283-C8EF-44E2-8492-5DAA6109B006}.Release|Any CPU.Build.0 = Release|Any CPU
	EndGlobalSection
	GlobalSection(SolutionProperties) = preSolution
		HideSolutionNode = FALSE
	EndGlobalSection
	GlobalSection(ExtensibilityGlobals) = postSolution
		SolutionGuid = {7A95EEE5-455B-46D0-A000-68F44D38F300}
	EndGlobalSection
EndGlobal
