
Microsoft Visual Studio Solution File, Format Version 12.00
# Visual Studio Version 17
VisualStudioVersion = 17.0.31912.275
MinimumVisualStudioVersion = 10.0.40219.1
Project("{FAE04EC0-301F-11D3-BF4B-00C04F79EFBC}") = "LABA14", "LABA14\LABA14.csproj", "{CB337A60-7844-48FB-BF50-B6F9FF676669}"
EndProject
Project("{FAE04EC0-301F-11D3-BF4B-00C04F79EFBC}") = "LABA5", "..\LABA5\LABA5\LABA5.csproj", "{B577E468-8FA5-4FF7-A7DB-2B90D0561CF3}"
EndProject
Global
	GlobalSection(SolutionConfigurationPlatforms) = preSolution
		Debug|Any CPU = Debug|Any CPU
		Release|Any CPU = Release|Any CPU
	EndGlobalSection
	GlobalSection(ProjectConfigurationPlatforms) = postSolution
		{CB337A60-7844-48FB-BF50-B6F9FF676669}.Debug|Any CPU.ActiveCfg = Debug|Any CPU
		{CB337A60-7844-48FB-BF50-B6F9FF676669}.Debug|Any CPU.Build.0 = Debug|Any CPU
		{CB337A60-7844-48FB-BF50-B6F9FF676669}.Release|Any CPU.ActiveCfg = Release|Any CPU
		{CB337A60-7844-48FB-BF50-B6F9FF676669}.Release|Any CPU.Build.0 = Release|Any CPU
		{B577E468-8FA5-4FF7-A7DB-2B90D0561CF3}.Debug|Any CPU.ActiveCfg = Debug|Any CPU
		{B577E468-8FA5-4FF7-A7DB-2B90D0561CF3}.Debug|Any CPU.Build.0 = Debug|Any CPU
		{B577E468-8FA5-4FF7-A7DB-2B90D0561CF3}.Release|Any CPU.ActiveCfg = Release|Any CPU
		{B577E468-8FA5-4FF7-A7DB-2B90D0561CF3}.Release|Any CPU.Build.0 = Release|Any CPU
	EndGlobalSection
	GlobalSection(SolutionProperties) = preSolution
		HideSolutionNode = FALSE
	EndGlobalSection
	GlobalSection(ExtensibilityGlobals) = postSolution
		SolutionGuid = {B1EF7CD8-3F4B-4C3D-9201-9C41A98F899F}
	EndGlobalSection
EndGlobal
